
Microsoft Visual Studio Solution File, Format Version 12.00
# Visual Studio 14
VisualStudioVersion = 14.0.25420.1
MinimumVisualStudioVersion = 10.0.40219.1
Project("{FAE04EC0-301F-11D3-BF4B-00C04F79EFBC}") = "CookBook_1_0_1", "CookBook_1_0_1\CookBook_1_0_1.csproj", "{FF3DE633-52CE-4F1F-92A6-96FF4D0C7E9A}"
EndProject
Global
	GlobalSection(SolutionConfigurationPlatforms) = preSolution
		Debug|Any CPU = Debug|Any CPU
		Release|Any CPU = Release|Any CPU
	EndGlobalSection
	GlobalSection(ProjectConfigurationPlatforms) = postSolution
		{FF3DE633-52CE-4F1F-92A6-96FF4D0C7E9A}.Debug|Any CPU.ActiveCfg = Debug|Any CPU
		{FF3DE633-52CE-4F1F-92A6-96FF4D0C7E9A}.Debug|Any CPU.Build.0 = Debug|Any CPU
		{FF3DE633-52CE-4F1F-92A6-96FF4D0C7E9A}.Release|Any CPU.ActiveCfg = Release|Any CPU
		{FF3DE633-52CE-4F1F-92A6-96FF4D0C7E9A}.Release|Any CPU.Build.0 = Release|Any CPU
	EndGlobalSection
	GlobalSection(SolutionProperties) = preSolution
		HideSolutionNode = FALSE
	EndGlobalSection
EndGlobal
